
Microsoft Visual Studio Solution File, Format Version 12.00
# Visual Studio Version 17
VisualStudioVersion = 17.5.33516.290
MinimumVisualStudioVersion = 10.0.40219.1
Project("{9A19103F-16F7-4668-BE54-9A1E7A4F7556}") = "KintellaLocalizationREST", "KintellaLocalizationREST\KintellaLocalizationREST.csproj", "{9F4165D2-4F8E-4FC9-B586-27DCC7392EB9}"
EndProject
Project("{FAE04EC0-301F-11D3-BF4B-00C04F79EFBC}") = "KintellaRestTest", "KintellaRestTest\KintellaRestTest.csproj", "{00CDB8BD-73F8-42CA-B9C3-023539D9B4F8}"
EndProject
Global
	GlobalSection(SolutionConfigurationPlatforms) = preSolution
		Debug|Any CPU = Debug|Any CPU
		Release|Any CPU = Release|Any CPU
	EndGlobalSection
	GlobalSection(ProjectConfigurationPlatforms) = postSolution
		{9F4165D2-4F8E-4FC9-B586-27DCC7392EB9}.Debug|Any CPU.ActiveCfg = Debug|Any CPU
		{9F4165D2-4F8E-4FC9-B586-27DCC7392EB9}.Debug|Any CPU.Build.0 = Debug|Any CPU
		{9F4165D2-4F8E-4FC9-B586-27DCC7392EB9}.Release|Any CPU.ActiveCfg = Release|Any CPU
		{9F4165D2-4F8E-4FC9-B586-27DCC7392EB9}.Release|Any CPU.Build.0 = Release|Any CPU
		{00CDB8BD-73F8-42CA-B9C3-023539D9B4F8}.Debug|Any CPU.ActiveCfg = Debug|Any CPU
		{00CDB8BD-73F8-42CA-B9C3-023539D9B4F8}.Debug|Any CPU.Build.0 = Debug|Any CPU
		{00CDB8BD-73F8-42CA-B9C3-023539D9B4F8}.Release|Any CPU.ActiveCfg = Release|Any CPU
		{00CDB8BD-73F8-42CA-B9C3-023539D9B4F8}.Release|Any CPU.Build.0 = Release|Any CPU
	EndGlobalSection
	GlobalSection(SolutionProperties) = preSolution
		HideSolutionNode = FALSE
	EndGlobalSection
	GlobalSection(ExtensibilityGlobals) = postSolution
		SolutionGuid = {61F51A19-CD36-4DF0-8D14-61458F47E5B4}
	EndGlobalSection
EndGlobal
